
Microsoft Visual Studio Solution File, Format Version 12.00
# Visual Studio Version 17
VisualStudioVersion = 17.9.34723.18
MinimumVisualStudioVersion = 10.0.40219.1
Project("{FAE04EC0-301F-11D3-BF4B-00C04F79EFBC}") = "Assignment_2", "Assignment_2.csproj", "{91A28F57-D126-4E82-A262-C3B80DF23F14}"
EndProject
Global
	GlobalSection(SolutionConfigurationPlatforms) = preSolution
		Debug|Any CPU = Debug|Any CPU
		Release|Any CPU = Release|Any CPU
	EndGlobalSection
	GlobalSection(ProjectConfigurationPlatforms) = postSolution
		{91A28F57-D126-4E82-A262-C3B80DF23F14}.Debug|Any CPU.ActiveCfg = Debug|Any CPU
		{91A28F57-D126-4E82-A262-C3B80DF23F14}.Debug|Any CPU.Build.0 = Debug|Any CPU
		{91A28F57-D126-4E82-A262-C3B80DF23F14}.Release|Any CPU.ActiveCfg = Release|Any CPU
		{91A28F57-D126-4E82-A262-C3B80DF23F14}.Release|Any CPU.Build.0 = Release|Any CPU
	EndGlobalSection
	GlobalSection(SolutionProperties) = preSolution
		HideSolutionNode = FALSE
	EndGlobalSection
	GlobalSection(ExtensibilityGlobals) = postSolution
		SolutionGuid = {640387CD-2A0C-445E-8E0D-1E033BE85B67}
	EndGlobalSection
EndGlobal
